
Microsoft Visual Studio Solution File, Format Version 12.00
# Visual Studio Version 17
VisualStudioVersion = 17.0.31612.314
MinimumVisualStudioVersion = 10.0.40219.1
Project("{2150E333-8FDC-42A3-9474-1A3956D46DE8}") = "src", "src", "{5BEC0CC5-7486-40D7-B8EA-091FCF26E261}"
EndProject
Project("{2150E333-8FDC-42A3-9474-1A3956D46DE8}") = "WebUI", "WebUI", "{DAA87D29-6285-4669-BC19-BE83C2DFE51B}"
EndProject
Project("{2150E333-8FDC-42A3-9474-1A3956D46DE8}") = "Infrastructure", "Infrastructure", "{0F06EB7A-D582-4AA1-BAFB-4614BACAB3D9}"
EndProject
Project("{2150E333-8FDC-42A3-9474-1A3956D46DE8}") = "Core", "Core", "{4D72775D-DB25-4DB7-B7D2-F3A44C168CC4}"
EndProject
Project("{FAE04EC0-301F-11D3-BF4B-00C04F79EFBC}") = "CCT.Manage.Web", "src\WebUI\CCT.Manage.Web\CCT.Manage.Web.csproj", "{7B832D1F-4722-4235-A0DC-FFA498E26007}"
EndProject
Global
	GlobalSection(SolutionConfigurationPlatforms) = preSolution
		Debug|Any CPU = Debug|Any CPU
		Release|Any CPU = Release|Any CPU
	EndGlobalSection
	GlobalSection(ProjectConfigurationPlatforms) = postSolution
		{7B832D1F-4722-4235-A0DC-FFA498E26007}.Debug|Any CPU.ActiveCfg = Debug|Any CPU
		{7B832D1F-4722-4235-A0DC-FFA498E26007}.Debug|Any CPU.Build.0 = Debug|Any CPU
		{7B832D1F-4722-4235-A0DC-FFA498E26007}.Release|Any CPU.ActiveCfg = Release|Any CPU
		{7B832D1F-4722-4235-A0DC-FFA498E26007}.Release|Any CPU.Build.0 = Release|Any CPU
	EndGlobalSection
	GlobalSection(SolutionProperties) = preSolution
		HideSolutionNode = FALSE
	EndGlobalSection
	GlobalSection(NestedProjects) = preSolution
		{DAA87D29-6285-4669-BC19-BE83C2DFE51B} = {5BEC0CC5-7486-40D7-B8EA-091FCF26E261}
		{0F06EB7A-D582-4AA1-BAFB-4614BACAB3D9} = {5BEC0CC5-7486-40D7-B8EA-091FCF26E261}
		{4D72775D-DB25-4DB7-B7D2-F3A44C168CC4} = {5BEC0CC5-7486-40D7-B8EA-091FCF26E261}
		{7B832D1F-4722-4235-A0DC-FFA498E26007} = {DAA87D29-6285-4669-BC19-BE83C2DFE51B}
	EndGlobalSection
	GlobalSection(ExtensibilityGlobals) = postSolution
		SolutionGuid = {F7A50FEC-70C2-4643-9609-928AFEB436AC}
	EndGlobalSection
EndGlobal
